// !$*UTF8*$!
{
	archiveVersion = 1;
	classes = {
	};
	objectVersion = 46;
	objects = {

/* Begin PBXBuildFile section */
		BD3986041973C148002C58A0 /* Houses.swift in Sources */ = {isa = PBXBuildFile; fileRef = BD3986031973C148002C58A0 /* Houses.swift */; };
		BD3986061973DF32002C58A0 /* BuildingAnnotationView.swift in Sources */ = {isa = PBXBuildFile; fileRef = BD3986051973DF32002C58A0 /* BuildingAnnotationView.swift */; };
		BD782342196D1A1A002FFAAE /* BuildingsTableViewController.swift in Sources */ = {isa = PBXBuildFile; fileRef = BD782341196D1A1A002FFAAE /* BuildingsTableViewController.swift */; };
		BD782344196E2519002FFAAE /* RawMaterialBuildings.swift in Sources */ = {isa = PBXBuildFile; fileRef = BD782343196E2519002FFAAE /* RawMaterialBuildings.swift */; };
		BD782346196E252E002FFAAE /* AdvancedMaterialBuildings.swift in Sources */ = {isa = PBXBuildFile; fileRef = BD782345196E252E002FFAAE /* AdvancedMaterialBuildings.swift */; };
		BD782348196E253F002FFAAE /* Shops.swift in Sources */ = {isa = PBXBuildFile; fileRef = BD782347196E253F002FFAAE /* Shops.swift */; };
		BD92ABD2196913E2008AF677 /* Game.swift in Sources */ = {isa = PBXBuildFile; fileRef = BD92ABD1196913E2008AF677 /* Game.swift */; };
		BDAAFACF1967B05A00F627EF /* AppDelegate.swift in Sources */ = {isa = PBXBuildFile; fileRef = BDAAFACE1967B05A00F627EF /* AppDelegate.swift */; };
		BDAAFAD11967B05A00F627EF /* MainViewController.swift in Sources */ = {isa = PBXBuildFile; fileRef = BDAAFAD01967B05A00F627EF /* MainViewController.swift */; };
		BDAAFAD61967B05A00F627EF /* Main.storyboard in Resources */ = {isa = PBXBuildFile; fileRef = BDAAFAD41967B05A00F627EF /* Main.storyboard */; };
		BDAAFAD81967B05A00F627EF /* Images.xcassets in Resources */ = {isa = PBXBuildFile; fileRef = BDAAFAD71967B05A00F627EF /* Images.xcassets */; };
		BDAAFAE41967B05A00F627EF /* WalkingKingdomTests.swift in Sources */ = {isa = PBXBuildFile; fileRef = BDAAFAE31967B05A00F627EF /* WalkingKingdomTests.swift */; };
		BDAAFAEE1967B11800F627EF /* MapKit.framework in Frameworks */ = {isa = PBXBuildFile; fileRef = BDAAFAED1967B11800F627EF /* MapKit.framework */; };
		BDAAFAF01967B35600F627EF /* CoreLocation.framework in Frameworks */ = {isa = PBXBuildFile; fileRef = BDAAFAEF1967B35600F627EF /* CoreLocation.framework */; };
		BDAEF871196A3747009CD9EC /* Building.swift in Sources */ = {isa = PBXBuildFile; fileRef = BDAEF870196A3747009CD9EC /* Building.swift */; };
		BDAEF873196A43C3009CD9EC /* AuthorityBuildings.swift in Sources */ = {isa = PBXBuildFile; fileRef = BDAEF872196A43C3009CD9EC /* AuthorityBuildings.swift */; };
		BDFDF26F1968F5F500D68976 /* CollecterViewController.swift in Sources */ = {isa = PBXBuildFile; fileRef = BDFDF26E1968F5F500D68976 /* CollecterViewController.swift */; };
/* End PBXBuildFile section */

/* Begin PBXContainerItemProxy section */
		BDAAFADE1967B05A00F627EF /* PBXContainerItemProxy */ = {
			isa = PBXContainerItemProxy;
			containerPortal = BDAAFAC11967B05900F627EF /* Project object */;
			proxyType = 1;
			remoteGlobalIDString = BDAAFAC81967B05A00F627EF;
			remoteInfo = WalkingKingdom;
		};
/* End PBXContainerItemProxy section */

/* Begin PBXFileReference section */
		BD3986031973C148002C58A0 /* Houses.swift */ = {isa = PBXFileReference; fileEncoding = 4; lastKnownFileType = sourcecode.swift; path = Houses.swift; sourceTree = "<group>"; };
		BD3986051973DF32002C58A0 /* BuildingAnnotationView.swift */ = {isa = PBXFileReference; fileEncoding = 4; lastKnownFileType = sourcecode.swift; path = BuildingAnnotationView.swift; sourceTree = "<group>"; };
		BD782341196D1A1A002FFAAE /* BuildingsTableViewController.swift */ = {isa = PBXFileReference; fileEncoding = 4; lastKnownFileType = sourcecode.swift; path = BuildingsTableViewController.swift; sourceTree = "<group>"; };
		BD782343196E2519002FFAAE /* RawMaterialBuildings.swift */ = {isa = PBXFileReference; fileEncoding = 4; lastKnownFileType = sourcecode.swift; path = RawMaterialBuildings.swift; sourceTree = "<group>"; };
		BD782345196E252E002FFAAE /* AdvancedMaterialBuildings.swift */ = {isa = PBXFileReference; fileEncoding = 4; lastKnownFileType = sourcecode.swift; path = AdvancedMaterialBuildings.swift; sourceTree = "<group>"; };
		BD782347196E253F002FFAAE /* Shops.swift */ = {isa = PBXFileReference; fileEncoding = 4; lastKnownFileType = sourcecode.swift; path = Shops.swift; sourceTree = "<group>"; };
		BD92ABD1196913E2008AF677 /* Game.swift */ = {isa = PBXFileReference; fileEncoding = 4; lastKnownFileType = sourcecode.swift; path = Game.swift; sourceTree = "<group>"; };
		BDAAFAC91967B05A00F627EF /* WalkingKingdom.app */ = {isa = PBXFileReference; explicitFileType = wrapper.application; includeInIndex = 0; path = WalkingKingdom.app; sourceTree = BUILT_PRODUCTS_DIR; };
		BDAAFACD1967B05A00F627EF /* Info.plist */ = {isa = PBXFileReference; lastKnownFileType = text.plist.xml; path = Info.plist; sourceTree = "<group>"; };
		BDAAFACE1967B05A00F627EF /* AppDelegate.swift */ = {isa = PBXFileReference; lastKnownFileType = sourcecode.swift; path = AppDelegate.swift; sourceTree = "<group>"; };
		BDAAFAD01967B05A00F627EF /* MainViewController.swift */ = {isa = PBXFileReference; lastKnownFileType = sourcecode.swift; path = MainViewController.swift; sourceTree = "<group>"; };
		BDAAFAD51967B05A00F627EF /* Base */ = {isa = PBXFileReference; lastKnownFileType = file.storyboard; name = Base; path = Base.lproj/Main.storyboard; sourceTree = "<group>"; };
		BDAAFAD71967B05A00F627EF /* Images.xcassets */ = {isa = PBXFileReference; lastKnownFileType = folder.assetcatalog; path = Images.xcassets; sourceTree = "<group>"; };
		BDAAFADD1967B05A00F627EF /* WalkingKingdomTests.xctest */ = {isa = PBXFileReference; explicitFileType = wrapper.cfbundle; includeInIndex = 0; path = WalkingKingdomTests.xctest; sourceTree = BUILT_PRODUCTS_DIR; };
		BDAAFAE21967B05A00F627EF /* Info.plist */ = {isa = PBXFileReference; lastKnownFileType = text.plist.xml; path = Info.plist; sourceTree = "<group>"; };
		BDAAFAE31967B05A00F627EF /* WalkingKingdomTests.swift */ = {isa = PBXFileReference; lastKnownFileType = sourcecode.swift; path = WalkingKingdomTests.swift; sourceTree = "<group>"; };
		BDAAFAED1967B11800F627EF /* MapKit.framework */ = {isa = PBXFileReference; lastKnownFileType = wrapper.framework; name = MapKit.framework; path = System/Library/Frameworks/MapKit.framework; sourceTree = SDKROOT; };
		BDAAFAEF1967B35600F627EF /* CoreLocation.framework */ = {isa = PBXFileReference; lastKnownFileType = wrapper.framework; name = CoreLocation.framework; path = System/Library/Frameworks/CoreLocation.framework; sourceTree = SDKROOT; };
		BDAEF870196A3747009CD9EC /* Building.swift */ = {isa = PBXFileReference; fileEncoding = 4; lastKnownFileType = sourcecode.swift; path = Building.swift; sourceTree = "<group>"; };
		BDAEF872196A43C3009CD9EC /* AuthorityBuildings.swift */ = {isa = PBXFileReference; fileEncoding = 4; lastKnownFileType = sourcecode.swift; path = AuthorityBuildings.swift; sourceTree = "<group>"; };
		BDFDF26E1968F5F500D68976 /* CollecterViewController.swift */ = {isa = PBXFileReference; fileEncoding = 4; lastKnownFileType = sourcecode.swift; path = CollecterViewController.swift; sourceTree = "<group>"; };
/* End PBXFileReference section */

/* Begin PBXFrameworksBuildPhase section */
		BDAAFAC61967B05A00F627EF /* Frameworks */ = {
			isa = PBXFrameworksBuildPhase;
			buildActionMask = 2147483647;
			files = (
				BDAAFAF01967B35600F627EF /* CoreLocation.framework in Frameworks */,
				BDAAFAEE1967B11800F627EF /* MapKit.framework in Frameworks */,
			);
			runOnlyForDeploymentPostprocessing = 0;
		};
		BDAAFADA1967B05A00F627EF /* Frameworks */ = {
			isa = PBXFrameworksBuildPhase;
			buildActionMask = 2147483647;
			files = (
			);
			runOnlyForDeploymentPostprocessing = 0;
		};
/* End PBXFrameworksBuildPhase section */

/* Begin PBXGroup section */
		BDAAFAC01967B05900F627EF = {
			isa = PBXGroup;
			children = (
				BDAAFACB1967B05A00F627EF /* WalkingKingdom */,
				BDAAFAE01967B05A00F627EF /* WalkingKingdomTests */,
				BDAAFACA1967B05A00F627EF /* Products */,
			);
			sourceTree = "<group>";
		};
		BDAAFACA1967B05A00F627EF /* Products */ = {
			isa = PBXGroup;
			children = (
				BDAAFAC91967B05A00F627EF /* WalkingKingdom.app */,
				BDAAFADD1967B05A00F627EF /* WalkingKingdomTests.xctest */,
			);
			name = Products;
			sourceTree = "<group>";
		};
		BDAAFACB1967B05A00F627EF /* WalkingKingdom */ = {
			isa = PBXGroup;
			children = (
				BDAAFACE1967B05A00F627EF /* AppDelegate.swift */,
				BDAAFAD01967B05A00F627EF /* MainViewController.swift */,
				BD3986051973DF32002C58A0 /* BuildingAnnotationView.swift */,
				BDFDF26E1968F5F500D68976 /* CollecterViewController.swift */,
				BD782341196D1A1A002FFAAE /* BuildingsTableViewController.swift */,
				BD92ABD1196913E2008AF677 /* Game.swift */,
				BDAEF870196A3747009CD9EC /* Building.swift */,
				BD3986031973C148002C58A0 /* Houses.swift */,
				BDAEF872196A43C3009CD9EC /* AuthorityBuildings.swift */,
				BD782343196E2519002FFAAE /* RawMaterialBuildings.swift */,
				BD782345196E252E002FFAAE /* AdvancedMaterialBuildings.swift */,
				BD782347196E253F002FFAAE /* Shops.swift */,
				BDAAFAD41967B05A00F627EF /* Main.storyboard */,
				BDAAFAD71967B05A00F627EF /* Images.xcassets */,
				BDAAFACC1967B05A00F627EF /* Supporting Files */,
			);
			path = WalkingKingdom;
			sourceTree = "<group>";
		};
		BDAAFACC1967B05A00F627EF /* Supporting Files */ = {
			isa = PBXGroup;
			children = (
				BDAAFAEF1967B35600F627EF /* CoreLocation.framework */,
				BDAAFAED1967B11800F627EF /* MapKit.framework */,
				BDAAFACD1967B05A00F627EF /* Info.plist */,
			);
			name = "Supporting Files";
			sourceTree = "<group>";
		};
		BDAAFAE01967B05A00F627EF /* WalkingKingdomTests */ = {
			isa = PBXGroup;
			children = (
				BDAAFAE31967B05A00F627EF /* WalkingKingdomTests.swift */,
				BDAAFAE11967B05A00F627EF /* Supporting Files */,
			);
			path = WalkingKingdomTests;
			sourceTree = "<group>";
		};
		BDAAFAE11967B05A00F627EF /* Supporting Files */ = {
			isa = PBXGroup;
			children = (
				BDAAFAE21967B05A00F627EF /* Info.plist */,
			);
			name = "Supporting Files";
			sourceTree = "<group>";
		};
/* End PBXGroup section */

/* Begin PBXNativeTarget section */
		BDAAFAC81967B05A00F627EF /* WalkingKingdom */ = {
			isa = PBXNativeTarget;
			buildConfigurationList = BDAAFAE71967B05A00F627EF /* Build configuration list for PBXNativeTarget "WalkingKingdom" */;
			buildPhases = (
				BDAAFAC51967B05A00F627EF /* Sources */,
				BDAAFAC61967B05A00F627EF /* Frameworks */,
				BDAAFAC71967B05A00F627EF /* Resources */,
			);
			buildRules = (
			);
			dependencies = (
			);
			name = WalkingKingdom;
			productName = WalkingKingdom;
			productReference = BDAAFAC91967B05A00F627EF /* WalkingKingdom.app */;
			productType = "com.apple.product-type.application";
		};
		BDAAFADC1967B05A00F627EF /* WalkingKingdomTests */ = {
			isa = PBXNativeTarget;
			buildConfigurationList = BDAAFAEA1967B05A00F627EF /* Build configuration list for PBXNativeTarget "WalkingKingdomTests" */;
			buildPhases = (
				BDAAFAD91967B05A00F627EF /* Sources */,
				BDAAFADA1967B05A00F627EF /* Frameworks */,
				BDAAFADB1967B05A00F627EF /* Resources */,
			);
			buildRules = (
			);
			dependencies = (
				BDAAFADF1967B05A00F627EF /* PBXTargetDependency */,
			);
			name = WalkingKingdomTests;
			productName = WalkingKingdomTests;
			productReference = BDAAFADD1967B05A00F627EF /* WalkingKingdomTests.xctest */;
			productType = "com.apple.product-type.bundle.unit-test";
		};
/* End PBXNativeTarget section */

/* Begin PBXProject section */
		BDAAFAC11967B05900F627EF /* Project object */ = {
			isa = PBXProject;
			attributes = {
				LastUpgradeCheck = 0600;
				ORGANIZATIONNAME = "pei hao";
				TargetAttributes = {
					BDAAFAC81967B05A00F627EF = {
						CreatedOnToolsVersion = 6.0;
						DevelopmentTeam = BMC43J69VA;
					};
					BDAAFADC1967B05A00F627EF = {
						CreatedOnToolsVersion = 6.0;
						TestTargetID = BDAAFAC81967B05A00F627EF;
					};
				};
			};
			buildConfigurationList = BDAAFAC41967B05900F627EF /* Build configuration list for PBXProject "WalkingKingdom" */;
			compatibilityVersion = "Xcode 3.2";
			developmentRegion = English;
			hasScannedForEncodings = 0;
			knownRegions = (
				en,
				Base,
			);
			mainGroup = BDAAFAC01967B05900F627EF;
			productRefGroup = BDAAFACA1967B05A00F627EF /* Products */;
			projectDirPath = "";
			projectRoot = "";
			targets = (
				BDAAFAC81967B05A00F627EF /* WalkingKingdom */,
				BDAAFADC1967B05A00F627EF /* WalkingKingdomTests */,
			);
		};
/* End PBXProject section */

/* Begin PBXResourcesBuildPhase section */
		BDAAFAC71967B05A00F627EF /* Resources */ = {
			isa = PBXResourcesBuildPhase;
			buildActionMask = 2147483647;
			files = (
				BDAAFAD61967B05A00F627EF /* Main.storyboard in Resources */,
				BDAAFAD81967B05A00F627EF /* Images.xcassets in Resources */,
			);
			runOnlyForDeploymentPostprocessing = 0;
		};
		BDAAFADB1967B05A00F627EF /* Resources */ = {
			isa = PBXResourcesBuildPhase;
			buildActionMask = 2147483647;
			files = (
			);
			runOnlyForDeploymentPostprocessing = 0;
		};
/* End PBXResourcesBuildPhase section */

/* Begin PBXSourcesBuildPhase section */
		BDAAFAC51967B05A00F627EF /* Sources */ = {
			isa = PBXSourcesBuildPhase;
			buildActionMask = 2147483647;
			files = (
				BD782342196D1A1A002FFAAE /* BuildingsTableViewController.swift in Sources */,
				BD782348196E253F002FFAAE /* Shops.swift in Sources */,
				BD3986041973C148002C58A0 /* Houses.swift in Sources */,
				BD782346196E252E002FFAAE /* AdvancedMaterialBuildings.swift in Sources */,
				BDAAFACF1967B05A00F627EF /* AppDelegate.swift in Sources */,
				BDFDF26F1968F5F500D68976 /* CollecterViewController.swift in Sources */,
				BDAAFAD11967B05A00F627EF /* MainViewController.swift in Sources */,
				BDAEF871196A3747009CD9EC /* Building.swift in Sources */,
				BD92ABD2196913E2008AF677 /* Game.swift in Sources */,
				BDAEF873196A43C3009CD9EC /* AuthorityBuildings.swift in Sources */,
				BD782344196E2519002FFAAE /* RawMaterialBuildings.swift in Sources */,
				BD3986061973DF32002C58A0 /* BuildingAnnotationView.swift in Sources */,
			);
			runOnlyForDeploymentPostprocessing = 0;
		};
		BDAAFAD91967B05A00F627EF /* Sources */ = {
			isa = PBXSourcesBuildPhase;
			buildActionMask = 2147483647;
			files = (
				BDAAFAE41967B05A00F627EF /* WalkingKingdomTests.swift in Sources */,
			);
			runOnlyForDeploymentPostprocessing = 0;
		};
/* End PBXSourcesBuildPhase section */

/* Begin PBXTargetDependency section */
		BDAAFADF1967B05A00F627EF /* PBXTargetDependency */ = {
			isa = PBXTargetDependency;
			target = BDAAFAC81967B05A00F627EF /* WalkingKingdom */;
			targetProxy = BDAAFADE1967B05A00F627EF /* PBXContainerItemProxy */;
		};
/* End PBXTargetDependency section */

/* Begin PBXVariantGroup section */
		BDAAFAD41967B05A00F627EF /* Main.storyboard */ = {
			isa = PBXVariantGroup;
			children = (
				BDAAFAD51967B05A00F627EF /* Base */,
			);
			name = Main.storyboard;
			sourceTree = "<group>";
		};
/* End PBXVariantGroup section */

/* Begin XCBuildConfiguration section */
		BDAAFAE51967B05A00F627EF /* Debug */ = {
			isa = XCBuildConfiguration;
			buildSettings = {
				ALWAYS_SEARCH_USER_PATHS = NO;
				CLANG_CXX_LANGUAGE_STANDARD = "gnu++0x";
				CLANG_CXX_LIBRARY = "libc++";
				CLANG_ENABLE_MODULES = YES;
				CLANG_ENABLE_OBJC_ARC = YES;
				CLANG_WARN_BOOL_CONVERSION = YES;
				CLANG_WARN_CONSTANT_CONVERSION = YES;
				CLANG_WARN_DIRECT_OBJC_ISA_USAGE = YES_ERROR;
				CLANG_WARN_EMPTY_BODY = YES;
				CLANG_WARN_ENUM_CONVERSION = YES;
				CLANG_WARN_INT_CONVERSION = YES;
				CLANG_WARN_OBJC_ROOT_CLASS = YES_ERROR;
				CLANG_WARN_UNREACHABLE_CODE = YES;
				CLANG_WARN__DUPLICATE_METHOD_MATCH = YES;
				"CODE_SIGN_IDENTITY[sdk=iphoneos*]" = "iPhone Developer";
				COPY_PHASE_STRIP = NO;
				ENABLE_STRICT_OBJC_MSGSEND = YES;
				GCC_C_LANGUAGE_STANDARD = gnu99;
				GCC_DYNAMIC_NO_PIC = NO;
				GCC_OPTIMIZATION_LEVEL = 0;
				GCC_PREPROCESSOR_DEFINITIONS = (
					"DEBUG=1",
					"$(inherited)",
				);
				GCC_SYMBOLS_PRIVATE_EXTERN = NO;
				GCC_WARN_64_TO_32_BIT_CONVERSION = YES;
				GCC_WARN_ABOUT_RETURN_TYPE = YES_ERROR;
				GCC_WARN_UNDECLARED_SELECTOR = YES;
				GCC_WARN_UNINITIALIZED_AUTOS = YES_AGGRESSIVE;
				GCC_WARN_UNUSED_FUNCTION = YES;
				GCC_WARN_UNUSED_VARIABLE = YES;
				IPHONEOS_DEPLOYMENT_TARGET = 8.0;
				METAL_ENABLE_DEBUG_INFO = YES;
				ONLY_ACTIVE_ARCH = YES;
				SDKROOT = iphoneos;
				SWIFT_OPTIMIZATION_LEVEL = "-Onone";
			};
			name = Debug;
		};
		BDAAFAE61967B05A00F627EF /* Release */ = {
			isa = XCBuildConfiguration;
			buildSettings = {
				ALWAYS_SEARCH_USER_PATHS = NO;
				CLANG_CXX_LANGUAGE_STANDARD = "gnu++0x";
				CLANG_CXX_LIBRARY = "libc++";
				CLANG_ENABLE_MODULES = YES;
				CLANG_ENABLE_OBJC_ARC = YES;
				CLANG_WARN_BOOL_CONVERSION = YES;
				CLANG_WARN_CONSTANT_CONVERSION = YES;
				CLANG_WARN_DIRECT_OBJC_ISA_USAGE = YES_ERROR;
				CLANG_WARN_EMPTY_BODY = YES;
				CLANG_WARN_ENUM_CONVERSION = YES;
				CLANG_WARN_INT_CONVERSION = YES;
				CLANG_WARN_OBJC_ROOT_CLASS = YES_ERROR;
				CLANG_WARN_UNREACHABLE_CODE = YES;
				CLANG_WARN__DUPLICATE_METHOD_MATCH = YES;
				"CODE_SIGN_IDENTITY[sdk=iphoneos*]" = "iPhone Developer";
				COPY_PHASE_STRIP = YES;
				ENABLE_NS_ASSERTIONS = NO;
				ENABLE_STRICT_OBJC_MSGSEND = YES;
				GCC_C_LANGUAGE_STANDARD = gnu99;
				GCC_WARN_64_TO_32_BIT_CONVERSION = YES;
				GCC_WARN_ABOUT_RETURN_TYPE = YES_ERROR;
				GCC_WARN_UNDECLARED_SELECTOR = YES;
				GCC_WARN_UNINITIALIZED_AUTOS = YES_AGGRESSIVE;
				GCC_WARN_UNUSED_FUNCTION = YES;
				GCC_WARN_UNUSED_VARIABLE = YES;
				IPHONEOS_DEPLOYMENT_TARGET = 8.0;
				METAL_ENABLE_DEBUG_INFO = NO;
				SDKROOT = iphoneos;
				VALIDATE_PRODUCT = YES;
			};
			name = Release;
		};
		BDAAFAE81967B05A00F627EF /* Debug */ = {
			isa = XCBuildConfiguration;
			buildSettings = {
				ASSETCATALOG_COMPILER_APPICON_NAME = AppIcon;
				ASSETCATALOG_COMPILER_LAUNCHIMAGE_NAME = LaunchImage;
				INFOPLIST_FILE = WalkingKingdom/Info.plist;
				LD_RUNPATH_SEARCH_PATHS = "$(inherited) @executable_path/Frameworks";
				PRODUCT_NAME = "$(TARGET_NAME)";
			};
			name = Debug;
		};
		BDAAFAE91967B05A00F627EF /* Release */ = {
			isa = XCBuildConfiguration;
			buildSettings = {
				ASSETCATALOG_COMPILER_APPICON_NAME = AppIcon;
				ASSETCATALOG_COMPILER_LAUNCHIMAGE_NAME = LaunchImage;
				INFOPLIST_FILE = WalkingKingdom/Info.plist;
				LD_RUNPATH_SEARCH_PATHS = "$(inherited) @executable_path/Frameworks";
				PRODUCT_NAME = "$(TARGET_NAME)";
			};
			name = Release;
		};
		BDAAFAEB1967B05A00F627EF /* Debug */ = {
			isa = XCBuildConfiguration;
			buildSettings = {
				BUNDLE_LOADER = "$(BUILT_PRODUCTS_DIR)/WalkingKingdom.app/WalkingKingdom";
				FRAMEWORK_SEARCH_PATHS = (
					"$(SDKROOT)/Developer/Library/Frameworks",
					"$(inherited)",
				);
				GCC_PREPROCESSOR_DEFINITIONS = (
					"DEBUG=1",
					"$(inherited)",
				);
				INFOPLIST_FILE = WalkingKingdomTests/Info.plist;
				LD_RUNPATH_SEARCH_PATHS = "$(inherited) @executable_path/Frameworks @loader_path/Frameworks";
				METAL_ENABLE_DEBUG_INFO = YES;
				PRODUCT_NAME = "$(TARGET_NAME)";
				TEST_HOST = "$(BUNDLE_LOADER)";
			};
			name = Debug;
		};
		BDAAFAEC1967B05A00F627EF /* Release */ = {
			isa = XCBuildConfiguration;
			buildSettings = {
				BUNDLE_LOADER = "$(BUILT_PRODUCTS_DIR)/WalkingKingdom.app/WalkingKingdom";
				FRAMEWORK_SEARCH_PATHS = (
					"$(SDKROOT)/Developer/Library/Frameworks",
					"$(inherited)",
				);
				INFOPLIST_FILE = WalkingKingdomTests/Info.plist;
				LD_RUNPATH_SEARCH_PATHS = "$(inherited) @executable_path/Frameworks @loader_path/Frameworks";
				METAL_ENABLE_DEBUG_INFO = NO;
				PRODUCT_NAME = "$(TARGET_NAME)";
				TEST_HOST = "$(BUNDLE_LOADER)";
			};
			name = Release;
		};
/* End XCBuildConfiguration section */

/* Begin XCConfigurationList section */
		BDAAFAC41967B05900F627EF /* Build configuration list for PBXProject "WalkingKingdom" */ = {
			isa = XCConfigurationList;
			buildConfigurations = (
				BDAAFAE51967B05A00F627EF /* Debug */,
				BDAAFAE61967B05A00F627EF /* Release */,
			);
			defaultConfigurationIsVisible = 0;
			defaultConfigurationName = Release;
		};
		BDAAFAE71967B05A00F627EF /* Build configuration list for PBXNativeTarget "WalkingKingdom" */ = {
			isa = XCConfigurationList;
			buildConfigurations = (
				BDAAFAE81967B05A00F627EF /* Debug */,
				BDAAFAE91967B05A00F627EF /* Release */,
			);
			defaultConfigurationIsVisible = 0;
			defaultConfigurationName = Release;
		};
		BDAAFAEA1967B05A00F627EF /* Build configuration list for PBXNativeTarget "WalkingKingdomTests" */ = {
			isa = XCConfigurationList;
			buildConfigurations = (
				BDAAFAEB1967B05A00F627EF /* Debug */,
				BDAAFAEC1967B05A00F627EF /* Release */,
			);
			defaultConfigurationIsVisible = 0;
			defaultConfigurationName = Release;
		};
/* End XCConfigurationList section */
	};
	rootObject = BDAAFAC11967B05900F627EF /* Project object */;
}
